// !$*UTF8*$!
{
	archiveVersion = 1;
	classes = {
	};
	objectVersion = 50;
	objects = {

/* Begin PBXBuildFile section */
		452E749123E36D8800B8F5E1 /* AppDelegate.swift in Sources */ = {isa = PBXBuildFile; fileRef = 452E749023E36D8800B8F5E1 /* AppDelegate.swift */; };
		452E749323E36D8800B8F5E1 /* SceneDelegate.swift in Sources */ = {isa = PBXBuildFile; fileRef = 452E749223E36D8800B8F5E1 /* SceneDelegate.swift */; };
		452E749523E36D8800B8F5E1 /* ViewController.swift in Sources */ = {isa = PBXBuildFile; fileRef = 452E749423E36D8800B8F5E1 /* ViewController.swift */; };
		452E749823E36D8800B8F5E1 /* Main.storyboard in Resources */ = {isa = PBXBuildFile; fileRef = 452E749623E36D8800B8F5E1 /* Main.storyboard */; };
		452E749A23E36D8A00B8F5E1 /* Assets.xcassets in Resources */ = {isa = PBXBuildFile; fileRef = 452E749923E36D8A00B8F5E1 /* Assets.xcassets */; };
		452E749D23E36D8A00B8F5E1 /* LaunchScreen.storyboard in Resources */ = {isa = PBXBuildFile; fileRef = 452E749B23E36D8A00B8F5E1 /* LaunchScreen.storyboard */; };
		452E74A823E36D8A00B8F5E1 /* tumblrTests.swift in Sources */ = {isa = PBXBuildFile; fileRef = 452E74A723E36D8A00B8F5E1 /* tumblrTests.swift */; };
		452E74B323E36D8A00B8F5E1 /* tumblrUITests.swift in Sources */ = {isa = PBXBuildFile; fileRef = 452E74B223E36D8A00B8F5E1 /* tumblrUITests.swift */; };
/* End PBXBuildFile section */

/* Begin PBXContainerItemProxy section */
		452E74A423E36D8A00B8F5E1 /* PBXContainerItemProxy */ = {
			isa = PBXContainerItemProxy;
			containerPortal = 452E748523E36D8800B8F5E1 /* Project object */;
			proxyType = 1;
			remoteGlobalIDString = 452E748C23E36D8800B8F5E1;
			remoteInfo = tumblr;
		};
		452E74AF23E36D8A00B8F5E1 /* PBXContainerItemProxy */ = {
			isa = PBXContainerItemProxy;
			containerPortal = 452E748523E36D8800B8F5E1 /* Project object */;
			proxyType = 1;
			remoteGlobalIDString = 452E748C23E36D8800B8F5E1;
			remoteInfo = tumblr;
		};
/* End PBXContainerItemProxy section */

/* Begin PBXFileReference section */
		452E748D23E36D8800B8F5E1 /* tumblr.app */ = {isa = PBXFileReference; explicitFileType = wrapper.application; includeInIndex = 0; path = tumblr.app; sourceTree = BUILT_PRODUCTS_DIR; };
		452E749023E36D8800B8F5E1 /* AppDelegate.swift */ = {isa = PBXFileReference; lastKnownFileType = sourcecode.swift; path = AppDelegate.swift; sourceTree = "<group>"; };
		452E749223E36D8800B8F5E1 /* SceneDelegate.swift */ = {isa = PBXFileReference; lastKnownFileType = sourcecode.swift; path = SceneDelegate.swift; sourceTree = "<group>"; };
		452E749423E36D8800B8F5E1 /* ViewController.swift */ = {isa = PBXFileReference; lastKnownFileType = sourcecode.swift; path = ViewController.swift; sourceTree = "<group>"; };
		452E749723E36D8800B8F5E1 /* Base */ = {isa = PBXFileReference; lastKnownFileType = file.storyboard; name = Base; path = Base.lproj/Main.storyboard; sourceTree = "<group>"; };
		452E749923E36D8A00B8F5E1 /* Assets.xcassets */ = {isa = PBXFileReference; lastKnownFileType = folder.assetcatalog; path = Assets.xcassets; sourceTree = "<group>"; };
		452E749C23E36D8A00B8F5E1 /* Base */ = {isa = PBXFileReference; lastKnownFileType = file.storyboard; name = Base; path = Base.lproj/LaunchScreen.storyboard; sourceTree = "<group>"; };
		452E749E23E36D8A00B8F5E1 /* Info.plist */ = {isa = PBXFileReference; lastKnownFileType = text.plist.xml; path = Info.plist; sourceTree = "<group>"; };
		452E74A323E36D8A00B8F5E1 /* tumblrTests.xctest */ = {isa = PBXFileReference; explicitFileType = wrapper.cfbundle; includeInIndex = 0; path = tumblrTests.xctest; sourceTree = BUILT_PRODUCTS_DIR; };
		452E74A723E36D8A00B8F5E1 /* tumblrTests.swift */ = {isa = PBXFileReference; lastKnownFileType = sourcecode.swift; path = tumblrTests.swift; sourceTree = "<group>"; };
		452E74A923E36D8A00B8F5E1 /* Info.plist */ = {isa = PBXFileReference; lastKnownFileType = text.plist.xml; path = Info.plist; sourceTree = "<group>"; };
		452E74AE23E36D8A00B8F5E1 /* tumblrUITests.xctest */ = {isa = PBXFileReference; explicitFileType = wrapper.cfbundle; includeInIndex = 0; path = tumblrUITests.xctest; sourceTree = BUILT_PRODUCTS_DIR; };
		452E74B223E36D8A00B8F5E1 /* tumblrUITests.swift */ = {isa = PBXFileReference; lastKnownFileType = sourcecode.swift; path = tumblrUITests.swift; sourceTree = "<group>"; };
		452E74B423E36D8A00B8F5E1 /* Info.plist */ = {isa = PBXFileReference; lastKnownFileType = text.plist.xml; path = Info.plist; sourceTree = "<group>"; };
/* End PBXFileReference section */

/* Begin PBXFrameworksBuildPhase section */
		452E748A23E36D8800B8F5E1 /* Frameworks */ = {
			isa = PBXFrameworksBuildPhase;
			buildActionMask = 2147483647;
			files = (
			);
			runOnlyForDeploymentPostprocessing = 0;
		};
		452E74A023E36D8A00B8F5E1 /* Frameworks */ = {
			isa = PBXFrameworksBuildPhase;
			buildActionMask = 2147483647;
			files = (
			);
			runOnlyForDeploymentPostprocessing = 0;
		};
		452E74AB23E36D8A00B8F5E1 /* Frameworks */ = {
			isa = PBXFrameworksBuildPhase;
			buildActionMask = 2147483647;
			files = (
			);
			runOnlyForDeploymentPostprocessing = 0;
		};
/* End PBXFrameworksBuildPhase section */

/* Begin PBXGroup section */
		452E748423E36D8800B8F5E1 = {
			isa = PBXGroup;
			children = (
				452E748F23E36D8800B8F5E1 /* tumblr */,
				452E74A623E36D8A00B8F5E1 /* tumblrTests */,
				452E74B123E36D8A00B8F5E1 /* tumblrUITests */,
				452E748E23E36D8800B8F5E1 /* Products */,
			);
			sourceTree = "<group>";
		};
		452E748E23E36D8800B8F5E1 /* Products */ = {
			isa = PBXGroup;
			children = (
				452E748D23E36D8800B8F5E1 /* tumblr.app */,
				452E74A323E36D8A00B8F5E1 /* tumblrTests.xctest */,
				452E74AE23E36D8A00B8F5E1 /* tumblrUITests.xctest */,
			);
			name = Products;
			sourceTree = "<group>";
		};
		452E748F23E36D8800B8F5E1 /* tumblr */ = {
			isa = PBXGroup;
			children = (
				452E749023E36D8800B8F5E1 /* AppDelegate.swift */,
				452E749223E36D8800B8F5E1 /* SceneDelegate.swift */,
				452E749423E36D8800B8F5E1 /* ViewController.swift */,
				452E749623E36D8800B8F5E1 /* Main.storyboard */,
				452E749923E36D8A00B8F5E1 /* Assets.xcassets */,
				452E749B23E36D8A00B8F5E1 /* LaunchScreen.storyboard */,
				452E749E23E36D8A00B8F5E1 /* Info.plist */,
			);
			path = tumblr;
			sourceTree = "<group>";
		};
		452E74A623E36D8A00B8F5E1 /* tumblrTests */ = {
			isa = PBXGroup;
			children = (
				452E74A723E36D8A00B8F5E1 /* tumblrTests.swift */,
				452E74A923E36D8A00B8F5E1 /* Info.plist */,
			);
			path = tumblrTests;
			sourceTree = "<group>";
		};
		452E74B123E36D8A00B8F5E1 /* tumblrUITests */ = {
			isa = PBXGroup;
			children = (
				452E74B223E36D8A00B8F5E1 /* tumblrUITests.swift */,
				452E74B423E36D8A00B8F5E1 /* Info.plist */,
			);
			path = tumblrUITests;
			sourceTree = "<group>";
		};
/* End PBXGroup section */

/* Begin PBXNativeTarget section */
		452E748C23E36D8800B8F5E1 /* tumblr */ = {
			isa = PBXNativeTarget;
			buildConfigurationList = 452E74B723E36D8A00B8F5E1 /* Build configuration list for PBXNativeTarget "tumblr" */;
			buildPhases = (
				452E748923E36D8800B8F5E1 /* Sources */,
				452E748A23E36D8800B8F5E1 /* Frameworks */,
				452E748B23E36D8800B8F5E1 /* Resources */,
			);
			buildRules = (
			);
			dependencies = (
			);
			name = tumblr;
			productName = tumblr;
			productReference = 452E748D23E36D8800B8F5E1 /* tumblr.app */;
			productType = "com.apple.product-type.application";
		};
		452E74A223E36D8A00B8F5E1 /* tumblrTests */ = {
			isa = PBXNativeTarget;
			buildConfigurationList = 452E74BA23E36D8A00B8F5E1 /* Build configuration list for PBXNativeTarget "tumblrTests" */;
			buildPhases = (
				452E749F23E36D8A00B8F5E1 /* Sources */,
				452E74A023E36D8A00B8F5E1 /* Frameworks */,
				452E74A123E36D8A00B8F5E1 /* Resources */,
			);
			buildRules = (
			);
			dependencies = (
				452E74A523E36D8A00B8F5E1 /* PBXTargetDependency */,
			);
			name = tumblrTests;
			productName = tumblrTests;
			productReference = 452E74A323E36D8A00B8F5E1 /* tumblrTests.xctest */;
			productType = "com.apple.product-type.bundle.unit-test";
		};
		452E74AD23E36D8A00B8F5E1 /* tumblrUITests */ = {
			isa = PBXNativeTarget;
			buildConfigurationList = 452E74BD23E36D8A00B8F5E1 /* Build configuration list for PBXNativeTarget "tumblrUITests" */;
			buildPhases = (
				452E74AA23E36D8A00B8F5E1 /* Sources */,
				452E74AB23E36D8A00B8F5E1 /* Frameworks */,
				452E74AC23E36D8A00B8F5E1 /* Resources */,
			);
			buildRules = (
			);
			dependencies = (
				452E74B023E36D8A00B8F5E1 /* PBXTargetDependency */,
			);
			name = tumblrUITests;
			productName = tumblrUITests;
			productReference = 452E74AE23E36D8A00B8F5E1 /* tumblrUITests.xctest */;
			productType = "com.apple.product-type.bundle.ui-testing";
		};
/* End PBXNativeTarget section */

/* Begin PBXProject section */
		452E748523E36D8800B8F5E1 /* Project object */ = {
			isa = PBXProject;
			attributes = {
				LastSwiftUpdateCheck = 1130;
				LastUpgradeCheck = 1130;
				ORGANIZATIONNAME = "Yazmin Carrillo";
				TargetAttributes = {
					452E748C23E36D8800B8F5E1 = {
						CreatedOnToolsVersion = 11.3.1;
					};
					452E74A223E36D8A00B8F5E1 = {
						CreatedOnToolsVersion = 11.3.1;
						TestTargetID = 452E748C23E36D8800B8F5E1;
					};
					452E74AD23E36D8A00B8F5E1 = {
						CreatedOnToolsVersion = 11.3.1;
						TestTargetID = 452E748C23E36D8800B8F5E1;
					};
				};
			};
			buildConfigurationList = 452E748823E36D8800B8F5E1 /* Build configuration list for PBXProject "tumblr" */;
			compatibilityVersion = "Xcode 9.3";
			developmentRegion = en;
			hasScannedForEncodings = 0;
			knownRegions = (
				en,
				Base,
			);
			mainGroup = 452E748423E36D8800B8F5E1;
			productRefGroup = 452E748E23E36D8800B8F5E1 /* Products */;
			projectDirPath = "";
			projectRoot = "";
			targets = (
				452E748C23E36D8800B8F5E1 /* tumblr */,
				452E74A223E36D8A00B8F5E1 /* tumblrTests */,
				452E74AD23E36D8A00B8F5E1 /* tumblrUITests */,
			);
		};
/* End PBXProject section */

/* Begin PBXResourcesBuildPhase section */
		452E748B23E36D8800B8F5E1 /* Resources */ = {
			isa = PBXResourcesBuildPhase;
			buildActionMask = 2147483647;
			files = (
				452E749D23E36D8A00B8F5E1 /* LaunchScreen.storyboard in Resources */,
				452E749A23E36D8A00B8F5E1 /* Assets.xcassets in Resources */,
				452E749823E36D8800B8F5E1 /* Main.storyboard in Resources */,
			);
			runOnlyForDeploymentPostprocessing = 0;
		};
		452E74A123E36D8A00B8F5E1 /* Resources */ = {
			isa = PBXResourcesBuildPhase;
			buildActionMask = 2147483647;
			files = (
			);
			runOnlyForDeploymentPostprocessing = 0;
		};
		452E74AC23E36D8A00B8F5E1 /* Resources */ = {
			isa = PBXResourcesBuildPhase;
			buildActionMask = 2147483647;
			files = (
			);
			runOnlyForDeploymentPostprocessing = 0;
		};
/* End PBXResourcesBuildPhase section */

/* Begin PBXSourcesBuildPhase section */
		452E748923E36D8800B8F5E1 /* Sources */ = {
			isa = PBXSourcesBuildPhase;
			buildActionMask = 2147483647;
			files = (
				452E749523E36D8800B8F5E1 /* ViewController.swift in Sources */,
				452E749123E36D8800B8F5E1 /* AppDelegate.swift in Sources */,
				452E749323E36D8800B8F5E1 /* SceneDelegate.swift in Sources */,
			);
			runOnlyForDeploymentPostprocessing = 0;
		};
		452E749F23E36D8A00B8F5E1 /* Sources */ = {
			isa = PBXSourcesBuildPhase;
			buildActionMask = 2147483647;
			files = (
				452E74A823E36D8A00B8F5E1 /* tumblrTests.swift in Sources */,
			);
			runOnlyForDeploymentPostprocessing = 0;
		};
		452E74AA23E36D8A00B8F5E1 /* Sources */ = {
			isa = PBXSourcesBuildPhase;
			buildActionMask = 2147483647;
			files = (
				452E74B323E36D8A00B8F5E1 /* tumblrUITests.swift in Sources */,
			);
			runOnlyForDeploymentPostprocessing = 0;
		};
/* End PBXSourcesBuildPhase section */

/* Begin PBXTargetDependency section */
		452E74A523E36D8A00B8F5E1 /* PBXTargetDependency */ = {
			isa = PBXTargetDependency;
			target = 452E748C23E36D8800B8F5E1 /* tumblr */;
			targetProxy = 452E74A423E36D8A00B8F5E1 /* PBXContainerItemProxy */;
		};
		452E74B023E36D8A00B8F5E1 /* PBXTargetDependency */ = {
			isa = PBXTargetDependency;
			target = 452E748C23E36D8800B8F5E1 /* tumblr */;
			targetProxy = 452E74AF23E36D8A00B8F5E1 /* PBXContainerItemProxy */;
		};
/* End PBXTargetDependency section */

/* Begin PBXVariantGroup section */
		452E749623E36D8800B8F5E1 /* Main.storyboard */ = {
			isa = PBXVariantGroup;
			children = (
				452E749723E36D8800B8F5E1 /* Base */,
			);
			name = Main.storyboard;
			sourceTree = "<group>";
		};
		452E749B23E36D8A00B8F5E1 /* LaunchScreen.storyboard */ = {
			isa = PBXVariantGroup;
			children = (
				452E749C23E36D8A00B8F5E1 /* Base */,
			);
			name = LaunchScreen.storyboard;
			sourceTree = "<group>";
		};
/* End PBXVariantGroup section */

/* Begin XCBuildConfiguration section */
		452E74B523E36D8A00B8F5E1 /* Debug */ = {
			isa = XCBuildConfiguration;
			buildSettings = {
				ALWAYS_SEARCH_USER_PATHS = NO;
				CLANG_ANALYZER_NONNULL = YES;
				CLANG_ANALYZER_NUMBER_OBJECT_CONVERSION = YES_AGGRESSIVE;
				CLANG_CXX_LANGUAGE_STANDARD = "gnu++14";
				CLANG_CXX_LIBRARY = "libc++";
				CLANG_ENABLE_MODULES = YES;
				CLANG_ENABLE_OBJC_ARC = YES;
				CLANG_ENABLE_OBJC_WEAK = YES;
				CLANG_WARN_BLOCK_CAPTURE_AUTORELEASING = YES;
				CLANG_WARN_BOOL_CONVERSION = YES;
				CLANG_WARN_COMMA = YES;
				CLANG_WARN_CONSTANT_CONVERSION = YES;
				CLANG_WARN_DEPRECATED_OBJC_IMPLEMENTATIONS = YES;
				CLANG_WARN_DIRECT_OBJC_ISA_USAGE = YES_ERROR;
				CLANG_WARN_DOCUMENTATION_COMMENTS = YES;
				CLANG_WARN_EMPTY_BODY = YES;
				CLANG_WARN_ENUM_CONVERSION = YES;
				CLANG_WARN_INFINITE_RECURSION = YES;
				CLANG_WARN_INT_CONVERSION = YES;
				CLANG_WARN_NON_LITERAL_NULL_CONVERSION = YES;
				CLANG_WARN_OBJC_IMPLICIT_RETAIN_SELF = YES;
				CLANG_WARN_OBJC_LITERAL_CONVERSION = YES;
				CLANG_WARN_OBJC_ROOT_CLASS = YES_ERROR;
				CLANG_WARN_RANGE_LOOP_ANALYSIS = YES;
				CLANG_WARN_STRICT_PROTOTYPES = YES;
				CLANG_WARN_SUSPICIOUS_MOVE = YES;
				CLANG_WARN_UNGUARDED_AVAILABILITY = YES_AGGRESSIVE;
				CLANG_WARN_UNREACHABLE_CODE = YES;
				CLANG_WARN__DUPLICATE_METHOD_MATCH = YES;
				COPY_PHASE_STRIP = NO;
				DEBUG_INFORMATION_FORMAT = dwarf;
				ENABLE_STRICT_OBJC_MSGSEND = YES;
				ENABLE_TESTABILITY = YES;
				GCC_C_LANGUAGE_STANDARD = gnu11;
				GCC_DYNAMIC_NO_PIC = NO;
				GCC_NO_COMMON_BLOCKS = YES;
				GCC_OPTIMIZATION_LEVEL = 0;
				GCC_PREPROCESSOR_DEFINITIONS = (
					"DEBUG=1",
					"$(inherited)",
				);
				GCC_WARN_64_TO_32_BIT_CONVERSION = YES;
				GCC_WARN_ABOUT_RETURN_TYPE = YES_ERROR;
				GCC_WARN_UNDECLARED_SELECTOR = YES;
				GCC_WARN_UNINITIALIZED_AUTOS = YES_AGGRESSIVE;
				GCC_WARN_UNUSED_FUNCTION = YES;
				GCC_WARN_UNUSED_VARIABLE = YES;
				IPHONEOS_DEPLOYMENT_TARGET = 13.2;
				MTL_ENABLE_DEBUG_INFO = INCLUDE_SOURCE;
				MTL_FAST_MATH = YES;
				ONLY_ACTIVE_ARCH = YES;
				SDKROOT = iphoneos;
				SWIFT_ACTIVE_COMPILATION_CONDITIONS = DEBUG;
				SWIFT_OPTIMIZATION_LEVEL = "-Onone";
			};
			name = Debug;
		};
		452E74B623E36D8A00B8F5E1 /* Release */ = {
			isa = XCBuildConfiguration;
			buildSettings = {
				ALWAYS_SEARCH_USER_PATHS = NO;
				CLANG_ANALYZER_NONNULL = YES;
				CLANG_ANALYZER_NUMBER_OBJECT_CONVERSION = YES_AGGRESSIVE;
				CLANG_CXX_LANGUAGE_STANDARD = "gnu++14";
				CLANG_CXX_LIBRARY = "libc++";
				CLANG_ENABLE_MODULES = YES;
				CLANG_ENABLE_OBJC_ARC = YES;
				CLANG_ENABLE_OBJC_WEAK = YES;
				CLANG_WARN_BLOCK_CAPTURE_AUTORELEASING = YES;
				CLANG_WARN_BOOL_CONVERSION = YES;
				CLANG_WARN_COMMA = YES;
				CLANG_WARN_CONSTANT_CONVERSION = YES;
				CLANG_WARN_DEPRECATED_OBJC_IMPLEMENTATIONS = YES;
				CLANG_WARN_DIRECT_OBJC_ISA_USAGE = YES_ERROR;
				CLANG_WARN_DOCUMENTATION_COMMENTS = YES;
				CLANG_WARN_EMPTY_BODY = YES;
				CLANG_WARN_ENUM_CONVERSION = YES;
				CLANG_WARN_INFINITE_RECURSION = YES;
				CLANG_WARN_INT_CONVERSION = YES;
				CLANG_WARN_NON_LITERAL_NULL_CONVERSION = YES;
				CLANG_WARN_OBJC_IMPLICIT_RETAIN_SELF = YES;
				CLANG_WARN_OBJC_LITERAL_CONVERSION = YES;
				CLANG_WARN_OBJC_ROOT_CLASS = YES_ERROR;
				CLANG_WARN_RANGE_LOOP_ANALYSIS = YES;
				CLANG_WARN_STRICT_PROTOTYPES = YES;
				CLANG_WARN_SUSPICIOUS_MOVE = YES;
				CLANG_WARN_UNGUARDED_AVAILABILITY = YES_AGGRESSIVE;
				CLANG_WARN_UNREACHABLE_CODE = YES;
				CLANG_WARN__DUPLICATE_METHOD_MATCH = YES;
				COPY_PHASE_STRIP = NO;
				DEBUG_INFORMATION_FORMAT = "dwarf-with-dsym";
				ENABLE_NS_ASSERTIONS = NO;
				ENABLE_STRICT_OBJC_MSGSEND = YES;
				GCC_C_LANGUAGE_STANDARD = gnu11;
				GCC_NO_COMMON_BLOCKS = YES;
				GCC_WARN_64_TO_32_BIT_CONVERSION = YES;
				GCC_WARN_ABOUT_RETURN_TYPE = YES_ERROR;
				GCC_WARN_UNDECLARED_SELECTOR = YES;
				GCC_WARN_UNINITIALIZED_AUTOS = YES_AGGRESSIVE;
				GCC_WARN_UNUSED_FUNCTION = YES;
				GCC_WARN_UNUSED_VARIABLE = YES;
				IPHONEOS_DEPLOYMENT_TARGET = 13.2;
				MTL_ENABLE_DEBUG_INFO = NO;
				MTL_FAST_MATH = YES;
				SDKROOT = iphoneos;
				SWIFT_COMPILATION_MODE = wholemodule;
				SWIFT_OPTIMIZATION_LEVEL = "-O";
				VALIDATE_PRODUCT = YES;
			};
			name = Release;
		};
		452E74B823E36D8A00B8F5E1 /* Debug */ = {
			isa = XCBuildConfiguration;
			buildSettings = {
				ASSETCATALOG_COMPILER_APPICON_NAME = AppIcon;
				CODE_SIGN_STYLE = Automatic;
				DEVELOPMENT_TEAM = 34Z8HRUM4W;
				INFOPLIST_FILE = tumblr/Info.plist;
				LD_RUNPATH_SEARCH_PATHS = (
					"$(inherited)",
					"@executable_path/Frameworks",
				);
				PRODUCT_BUNDLE_IDENTIFIER = com.codepath.tumblr;
				PRODUCT_NAME = "$(TARGET_NAME)";
				SWIFT_VERSION = 5.0;
				TARGETED_DEVICE_FAMILY = "1,2";
			};
			name = Debug;
		};
		452E74B923E36D8A00B8F5E1 /* Release */ = {
			isa = XCBuildConfiguration;
			buildSettings = {
				ASSETCATALOG_COMPILER_APPICON_NAME = AppIcon;
				CODE_SIGN_STYLE = Automatic;
				DEVELOPMENT_TEAM = 34Z8HRUM4W;
				INFOPLIST_FILE = tumblr/Info.plist;
				LD_RUNPATH_SEARCH_PATHS = (
					"$(inherited)",
					"@executable_path/Frameworks",
				);
				PRODUCT_BUNDLE_IDENTIFIER = com.codepath.tumblr;
				PRODUCT_NAME = "$(TARGET_NAME)";
				SWIFT_VERSION = 5.0;
				TARGETED_DEVICE_FAMILY = "1,2";
			};
			name = Release;
		};
		452E74BB23E36D8A00B8F5E1 /* Debug */ = {
			isa = XCBuildConfiguration;
			buildSettings = {
				ALWAYS_EMBED_SWIFT_STANDARD_LIBRARIES = YES;
				BUNDLE_LOADER = "$(TEST_HOST)";
				CODE_SIGN_STYLE = Automatic;
				DEVELOPMENT_TEAM = 34Z8HRUM4W;
				INFOPLIST_FILE = tumblrTests/Info.plist;
				IPHONEOS_DEPLOYMENT_TARGET = 13.2;
				LD_RUNPATH_SEARCH_PATHS = (
					"$(inherited)",
					"@executable_path/Frameworks",
					"@loader_path/Frameworks",
				);
				PRODUCT_BUNDLE_IDENTIFIER = com.codepath.tumblrTests;
				PRODUCT_NAME = "$(TARGET_NAME)";
				SWIFT_VERSION = 5.0;
				TARGETED_DEVICE_FAMILY = "1,2";
				TEST_HOST = "$(BUILT_PRODUCTS_DIR)/tumblr.app/tumblr";
			};
			name = Debug;
		};
		452E74BC23E36D8A00B8F5E1 /* Release */ = {
			isa = XCBuildConfiguration;
			buildSettings = {
				ALWAYS_EMBED_SWIFT_STANDARD_LIBRARIES = YES;
				BUNDLE_LOADER = "$(TEST_HOST)";
				CODE_SIGN_STYLE = Automatic;
				DEVELOPMENT_TEAM = 34Z8HRUM4W;
				INFOPLIST_FILE = tumblrTests/Info.plist;
				IPHONEOS_DEPLOYMENT_TARGET = 13.2;
				LD_RUNPATH_SEARCH_PATHS = (
					"$(inherited)",
					"@executable_path/Frameworks",
					"@loader_path/Frameworks",
				);
				PRODUCT_BUNDLE_IDENTIFIER = com.codepath.tumblrTests;
				PRODUCT_NAME = "$(TARGET_NAME)";
				SWIFT_VERSION = 5.0;
				TARGETED_DEVICE_FAMILY = "1,2";
				TEST_HOST = "$(BUILT_PRODUCTS_DIR)/tumblr.app/tumblr";
			};
			name = Release;
		};
		452E74BE23E36D8A00B8F5E1 /* Debug */ = {
			isa = XCBuildConfiguration;
			buildSettings = {
				ALWAYS_EMBED_SWIFT_STANDARD_LIBRARIES = YES;
				CODE_SIGN_STYLE = Automatic;
				DEVELOPMENT_TEAM = 34Z8HRUM4W;
				INFOPLIST_FILE = tumblrUITests/Info.plist;
				LD_RUNPATH_SEARCH_PATHS = (
					"$(inherited)",
					"@executable_path/Frameworks",
					"@loader_path/Frameworks",
				);
				PRODUCT_BUNDLE_IDENTIFIER = com.codepath.tumblrUITests;
				PRODUCT_NAME = "$(TARGET_NAME)";
				SWIFT_VERSION = 5.0;
				TARGETED_DEVICE_FAMILY = "1,2";
				TEST_TARGET_NAME = tumblr;
			};
			name = Debug;
		};
		452E74BF23E36D8A00B8F5E1 /* Release */ = {
			isa = XCBuildConfiguration;
			buildSettings = {
				ALWAYS_EMBED_SWIFT_STANDARD_LIBRARIES = YES;
				CODE_SIGN_STYLE = Automatic;
				DEVELOPMENT_TEAM = 34Z8HRUM4W;
				INFOPLIST_FILE = tumblrUITests/Info.plist;
				LD_RUNPATH_SEARCH_PATHS = (
					"$(inherited)",
					"@executable_path/Frameworks",
					"@loader_path/Frameworks",
				);
				PRODUCT_BUNDLE_IDENTIFIER = com.codepath.tumblrUITests;
				PRODUCT_NAME = "$(TARGET_NAME)";
				SWIFT_VERSION = 5.0;
				TARGETED_DEVICE_FAMILY = "1,2";
				TEST_TARGET_NAME = tumblr;
			};
			name = Release;
		};
/* End XCBuildConfiguration section */

/* Begin XCConfigurationList section */
		452E748823E36D8800B8F5E1 /* Build configuration list for PBXProject "tumblr" */ = {
			isa = XCConfigurationList;
			buildConfigurations = (
				452E74B523E36D8A00B8F5E1 /* Debug */,
				452E74B623E36D8A00B8F5E1 /* Release */,
			);
			defaultConfigurationIsVisible = 0;
			defaultConfigurationName = Release;
		};
		452E74B723E36D8A00B8F5E1 /* Build configuration list for PBXNativeTarget "tumblr" */ = {
			isa = XCConfigurationList;
			buildConfigurations = (
				452E74B823E36D8A00B8F5E1 /* Debug */,
				452E74B923E36D8A00B8F5E1 /* Release */,
			);
			defaultConfigurationIsVisible = 0;
			defaultConfigurationName = Release;
		};
		452E74BA23E36D8A00B8F5E1 /* Build configuration list for PBXNativeTarget "tumblrTests" */ = {
			isa = XCConfigurationList;
			buildConfigurations = (
				452E74BB23E36D8A00B8F5E1 /* Debug */,
				452E74BC23E36D8A00B8F5E1 /* Release */,
			);
			defaultConfigurationIsVisible = 0;
			defaultConfigurationName = Release;
		};
		452E74BD23E36D8A00B8F5E1 /* Build configuration list for PBXNativeTarget "tumblrUITests" */ = {
			isa = XCConfigurationList;
			buildConfigurations = (
				452E74BE23E36D8A00B8F5E1 /* Debug */,
				452E74BF23E36D8A00B8F5E1 /* Release */,
			);
			defaultConfigurationIsVisible = 0;
			defaultConfigurationName = Release;
		};
/* End XCConfigurationList section */
	};
	rootObject = 452E748523E36D8800B8F5E1 /* Project object */;
}
